
Microsoft Visual Studio Solution File, Format Version 12.00
# Visual Studio Version 17
VisualStudioVersion = 17.0.31903.59
MinimumVisualStudioVersion = 10.0.40219.1
Project("{9A19103F-16F7-4668-BE54-9A1E7A4F7556}") = "MahjongDkStatsCalculators", "MahjongDkStatsCalculators\MahjongDkStatsCalculators.csproj", "{47EBD996-EA07-4922-B86D-C57C060D5025}"
EndProject
Project("{9A19103F-16F7-4668-BE54-9A1E7A4F7556}") = "MahjongDkStats.CLI", "MahjongDkStats.CLI\MahjongDkStats.CLI.csproj", "{AD261E11-8E91-47F6-9074-0F25595DE0D8}"
EndProject
Project("{2150E333-8FDC-42A3-9474-1A3956D46DE8}") = "Solution Items", "Solution Items", "{EF89DD97-F947-4E4C-8CB3-E05B562EE0C3}"
	ProjectSection(SolutionItems) = preProject
		mjdk-members.txt = mjdk-members.txt
		assets\css\sortable.min.css = assets\css\sortable.min.css
		assets\script\sortable.min.js = assets\script\sortable.min.js
		assets\css\style.css = assets\css\style.css
	EndProjectSection
EndProject
Global
	GlobalSection(SolutionConfigurationPlatforms) = preSolution
		Debug|Any CPU = Debug|Any CPU
		Release|Any CPU = Release|Any CPU
	EndGlobalSection
	GlobalSection(ProjectConfigurationPlatforms) = postSolution
		{47EBD996-EA07-4922-B86D-C57C060D5025}.Debug|Any CPU.ActiveCfg = Debug|Any CPU
		{47EBD996-EA07-4922-B86D-C57C060D5025}.Debug|Any CPU.Build.0 = Debug|Any CPU
		{47EBD996-EA07-4922-B86D-C57C060D5025}.Release|Any CPU.ActiveCfg = Release|Any CPU
		{47EBD996-EA07-4922-B86D-C57C060D5025}.Release|Any CPU.Build.0 = Release|Any CPU
		{AD261E11-8E91-47F6-9074-0F25595DE0D8}.Debug|Any CPU.ActiveCfg = Debug|Any CPU
		{AD261E11-8E91-47F6-9074-0F25595DE0D8}.Debug|Any CPU.Build.0 = Debug|Any CPU
		{AD261E11-8E91-47F6-9074-0F25595DE0D8}.Release|Any CPU.ActiveCfg = Release|Any CPU
		{AD261E11-8E91-47F6-9074-0F25595DE0D8}.Release|Any CPU.Build.0 = Release|Any CPU
	EndGlobalSection
	GlobalSection(SolutionProperties) = preSolution
		HideSolutionNode = FALSE
	EndGlobalSection
	GlobalSection(ExtensibilityGlobals) = postSolution
		SolutionGuid = {79CC29BF-28A8-4123-8BA9-8160FF68A718}
	EndGlobalSection
EndGlobal
